
Microsoft Visual Studio Solution File, Format Version 12.00
# Visual Studio Version 17
VisualStudioVersion = 17.13.35825.156 d17.13
MinimumVisualStudioVersion = 10.0.40219.1
Project("{FAE04EC0-301F-11D3-BF4B-00C04F79EFBC}") = "OnlineMCQ", "OnlineMCQ\OnlineMCQ.csproj", "{2DBA5B1F-BD97-4790-989B-4801A8CDA297}"
EndProject
Global
	GlobalSection(SolutionConfigurationPlatforms) = preSolution
		Debug|Any CPU = Debug|Any CPU
		Release|Any CPU = Release|Any CPU
	EndGlobalSection
	GlobalSection(ProjectConfigurationPlatforms) = postSolution
		{2DBA5B1F-BD97-4790-989B-4801A8CDA297}.Debug|Any CPU.ActiveCfg = Debug|Any CPU
		{2DBA5B1F-BD97-4790-989B-4801A8CDA297}.Debug|Any CPU.Build.0 = Debug|Any CPU
		{2DBA5B1F-BD97-4790-989B-4801A8CDA297}.Release|Any CPU.ActiveCfg = Release|Any CPU
		{2DBA5B1F-BD97-4790-989B-4801A8CDA297}.Release|Any CPU.Build.0 = Release|Any CPU
	EndGlobalSection
	GlobalSection(SolutionProperties) = preSolution
		HideSolutionNode = FALSE
	EndGlobalSection
	GlobalSection(ExtensibilityGlobals) = postSolution
		SolutionGuid = {78453644-1F10-4453-86CE-3F438DBCA70C}
	EndGlobalSection
EndGlobal
